
Microsoft Visual Studio Solution File, Format Version 12.00
# Visual Studio Version 16
VisualStudioVersion = 16.0.30717.126
MinimumVisualStudioVersion = 10.0.40219.1
Project("{FAE04EC0-301F-11D3-BF4B-00C04F79EFBC}") = "BookManager", "BookManager.csproj", "{AB631B91-B28B-4BB0-BDF8-A39645F1A272}"
EndProject
Global
	GlobalSection(SolutionConfigurationPlatforms) = preSolution
		Debug|Any CPU = Debug|Any CPU
		Release|Any CPU = Release|Any CPU
	EndGlobalSection
	GlobalSection(ProjectConfigurationPlatforms) = postSolution
		{AB631B91-B28B-4BB0-BDF8-A39645F1A272}.Debug|Any CPU.ActiveCfg = Debug|Any CPU
		{AB631B91-B28B-4BB0-BDF8-A39645F1A272}.Debug|Any CPU.Build.0 = Debug|Any CPU
		{AB631B91-B28B-4BB0-BDF8-A39645F1A272}.Release|Any CPU.ActiveCfg = Release|Any CPU
		{AB631B91-B28B-4BB0-BDF8-A39645F1A272}.Release|Any CPU.Build.0 = Release|Any CPU
	EndGlobalSection
	GlobalSection(SolutionProperties) = preSolution
		HideSolutionNode = FALSE
	EndGlobalSection
	GlobalSection(ExtensibilityGlobals) = postSolution
		SolutionGuid = {DAF8B8AC-E9D4-4332-9CF0-C00C1B07BC52}
	EndGlobalSection
EndGlobal
